// !$*UTF8*$!
{
	archiveVersion = 1;
	classes = {
	};
	objectVersion = 54;
	objects = {

/* Begin PBXBuildFile section */
		C009745F2F03CEEE00BC7680 /* SceneDelegate.swift in Sources */ = {isa = PBXBuildFile; fileRef = C009745D2F03CEEE00BC7680 /* SceneDelegate.swift */; };
		C00974602F03CEEE00BC7680 /* AppDelegate.swift in Sources */ = {isa = PBXBuildFile; fileRef = C009745C2F03CEEE00BC7680 /* AppDelegate.swift */; };
		C00974692F03D08E00BC7680 /* Main.storyboard in Resources */ = {isa = PBXBuildFile; fileRef = C00974672F03D08E00BC7680 /* Main.storyboard */; };
		C017D14025FBAD11008B90C0 /* Assets.xcassets in Resources */ = {isa = PBXBuildFile; fileRef = C017D13F25FBAD11008B90C0 /* Assets.xcassets */; };
		C017D14325FBAD11008B90C0 /* Launch.storyboard in Resources */ = {isa = PBXBuildFile; fileRef = C017D14125FBAD11008B90C0 /* Launch.storyboard */; };
		C03F80F62F026A820097B7A3 /* Levitan.framework in Frameworks */ = {isa = PBXBuildFile; fileRef = C0C0ABEF2F02695100C6E122 /* Levitan.framework */; };
		C03F80F72F026A820097B7A3 /* Levitan.framework in Embed Frameworks */ = {isa = PBXBuildFile; fileRef = C0C0ABEF2F02695100C6E122 /* Levitan.framework */; settings = {ATTRIBUTES = (CodeSignOnCopy, RemoveHeadersOnCopy, ); }; };
		C06A6D442F0B0092007F606E /* ActionSheetAction.swift in Sources */ = {isa = PBXBuildFile; fileRef = C06A6D432F0B0091007F606E /* ActionSheetAction.swift */; };
		C06A6D472F0B0108007F606E /* ActionSheet.swift in Sources */ = {isa = PBXBuildFile; fileRef = C06A6D462F0B0107007F606E /* ActionSheet.swift */; };
		C06A6D4A2F0B0505007F606E /* AlertTextField.swift in Sources */ = {isa = PBXBuildFile; fileRef = C06A6D492F0B04F7007F606E /* AlertTextField.swift */; };
		C06A6D4E2F0B0568007F606E /* AlertAction.swift in Sources */ = {isa = PBXBuildFile; fileRef = C06A6D4D2F0B0567007F606E /* AlertAction.swift */; };
		C06A6D502F0B05E0007F606E /* Alert.swift in Sources */ = {isa = PBXBuildFile; fileRef = C06A6D4F2F0B05E0007F606E /* Alert.swift */; };
		C06A6D552F0B128D007F606E /* Chat.swift in Sources */ = {isa = PBXBuildFile; fileRef = C06A6D542F0B1289007F606E /* Chat.swift */; };
		C06A6D572F0B13AF007F606E /* ChatMessageType.swift in Sources */ = {isa = PBXBuildFile; fileRef = C06A6D562F0B13AF007F606E /* ChatMessageType.swift */; };
		C06A6D592F0B13C7007F606E /* ChatMessage.swift in Sources */ = {isa = PBXBuildFile; fileRef = C06A6D582F0B13C2007F606E /* ChatMessage.swift */; };
		C06A6D5C2F0B16BA007F606E /* UsersStore.swift in Sources */ = {isa = PBXBuildFile; fileRef = C06A6D5B2F0B16B5007F606E /* UsersStore.swift */; };
		C06A6D632F0BD290007F606E /* ChatsStore.swift in Sources */ = {isa = PBXBuildFile; fileRef = C06A6D622F0BD28D007F606E /* ChatsStore.swift */; };
		C06EE5322F0CBCC500AD1F6A /* KeyboardHandler.swift in Sources */ = {isa = PBXBuildFile; fileRef = C06EE5312F0CBCBF00AD1F6A /* KeyboardHandler.swift */; };
		C06EE5342F0CBD3100AD1F6A /* NotificationObserver.swift in Sources */ = {isa = PBXBuildFile; fileRef = C06EE5332F0CBD3000AD1F6A /* NotificationObserver.swift */; };
		C06EE5362F0CBD8700AD1F6A /* ObjectAssociation.swift in Sources */ = {isa = PBXBuildFile; fileRef = C06EE5352F0CBD7F00AD1F6A /* ObjectAssociation.swift */; };
		C0C4DC8B2F0CB05B00DBF01A /* NSLayoutConstraint+Extensions.swift in Sources */ = {isa = PBXBuildFile; fileRef = C0C4DC852F0CB05A00DBF01A /* NSLayoutConstraint+Extensions.swift */; };
		C0C8A89C2F066ACB001651F6 /* User.swift in Sources */ = {isa = PBXBuildFile; fileRef = C0C8A89B2F066ACA001651F6 /* User.swift */; };
		C0C8A89E2F066C17001651F6 /* ThemeTypographies.swift in Sources */ = {isa = PBXBuildFile; fileRef = C0C8A89D2F066C12001651F6 /* ThemeTypographies.swift */; };
		C0C8A8A32F066CD9001651F6 /* ThemeColors.swift in Sources */ = {isa = PBXBuildFile; fileRef = C0C8A8A22F066CD1001651F6 /* ThemeColors.swift */; };
		C0C8A8A52F066F21001651F6 /* Theme.swift in Sources */ = {isa = PBXBuildFile; fileRef = C0C8A8A42F066F1E001651F6 /* Theme.swift */; };
		C0C8A8A82F067350001651F6 /* CellAction.swift in Sources */ = {isa = PBXBuildFile; fileRef = C0C8A8A72F06734A001651F6 /* CellAction.swift */; };
		C0C8A8AC2F06754C001651F6 /* TappableButtonStyle.swift in Sources */ = {isa = PBXBuildFile; fileRef = C0C8A8AB2F067548001651F6 /* TappableButtonStyle.swift */; };
		C0C8A8AE2F067562001651F6 /* Tappable.swift in Sources */ = {isa = PBXBuildFile; fileRef = C0C8A8AD2F067560001651F6 /* Tappable.swift */; };
		C0C8A8B82F06A14B001651F6 /* PressedEffectModifier.swift in Sources */ = {isa = PBXBuildFile; fileRef = C0C8A8B72F06A141001651F6 /* PressedEffectModifier.swift */; };
		C0C8A8BA2F06A1A7001651F6 /* ThemeAnimations.swift in Sources */ = {isa = PBXBuildFile; fileRef = C0C8A8B92F06A1A3001651F6 /* ThemeAnimations.swift */; };
		C0C8A8BD2F06A36A001651F6 /* Theme+Light.swift in Sources */ = {isa = PBXBuildFile; fileRef = C0C8A8BC2F06A367001651F6 /* Theme+Light.swift */; };
		C0C8A8BF2F06A386001651F6 /* Theme+Dark.swift in Sources */ = {isa = PBXBuildFile; fileRef = C0C8A8BE2F06A383001651F6 /* Theme+Dark.swift */; };
		C0C8A8C32F06A8BE001651F6 /* DateFormatter+Extensions.swift in Sources */ = {isa = PBXBuildFile; fileRef = C0C8A8C22F06A8BA001651F6 /* DateFormatter+Extensions.swift */; };
		C0C8A8CD2F06B51E001651F6 /* ThemeStrokes.swift in Sources */ = {isa = PBXBuildFile; fileRef = C0C8A8CC2F06B51B001651F6 /* ThemeStrokes.swift */; };
		C0C8B80D2F09406F0029D19F /* Profile.swift in Sources */ = {isa = PBXBuildFile; fileRef = C0C8B8072F09406D0029D19F /* Profile.swift */; };
		C0C8B8162F096BC80029D19F /* ProfileStore.swift in Sources */ = {isa = PBXBuildFile; fileRef = C0C8B8152F096BC60029D19F /* ProfileStore.swift */; };
		C0C8B8182F096F5C0029D19F /* Card.swift in Sources */ = {isa = PBXBuildFile; fileRef = C0C8B8172F096F5A0029D19F /* Card.swift */; };
		C0C8B81A2F0971BE0029D19F /* CardHeader.swift in Sources */ = {isa = PBXBuildFile; fileRef = C0C8B8192F0971BC0029D19F /* CardHeader.swift */; };
		C0C8B81D2F097A7D0029D19F /* Tag.swift in Sources */ = {isa = PBXBuildFile; fileRef = C0C8B81C2F097A7C0029D19F /* Tag.swift */; };
		C0E822012F065FEB00051412 /* Avatar.swift in Sources */ = {isa = PBXBuildFile; fileRef = C0E822002F065FEA00051412 /* Avatar.swift */; };
		C0E822032F065FFF00051412 /* AvatarSize.swift in Sources */ = {isa = PBXBuildFile; fileRef = C0E822022F065FFD00051412 /* AvatarSize.swift */; };
		C0E822202F06633500051412 /* Cell.swift in Sources */ = {isa = PBXBuildFile; fileRef = C0E8221F2F06633400051412 /* Cell.swift */; };
		C0E822222F06635F00051412 /* CellDivider.swift in Sources */ = {isa = PBXBuildFile; fileRef = C0E822212F06635C00051412 /* CellDivider.swift */; };
/* End PBXBuildFile section */

/* Begin PBXContainerItemProxy section */
		C0C0ABEE2F02695100C6E122 /* PBXContainerItemProxy */ = {
			isa = PBXContainerItemProxy;
			containerPortal = C0CA7D2D2DCA4A88002A744E /* Levitan.xcodeproj */;
			proxyType = 2;
			remoteGlobalIDString = C057F00E23CB8EEB00C2D895;
			remoteInfo = "Levitan iOS";
		};
		C0C0ABF02F02695100C6E122 /* PBXContainerItemProxy */ = {
			isa = PBXContainerItemProxy;
			containerPortal = C0CA7D2D2DCA4A88002A744E /* Levitan.xcodeproj */;
			proxyType = 2;
			remoteGlobalIDString = C0A01A4723CB92EB00AC2C3A;
			remoteInfo = "Levitan tvOS";
		};
		C0C0ABF22F02695100C6E122 /* PBXContainerItemProxy */ = {
			isa = PBXContainerItemProxy;
			containerPortal = C0CA7D2D2DCA4A88002A744E /* Levitan.xcodeproj */;
			proxyType = 2;
			remoteGlobalIDString = C057F01723CB8EEB00C2D895;
			remoteInfo = "Levitan Tests iOS";
		};
		C0C0ABF42F02695100C6E122 /* PBXContainerItemProxy */ = {
			isa = PBXContainerItemProxy;
			containerPortal = C0CA7D2D2DCA4A88002A744E /* Levitan.xcodeproj */;
			proxyType = 2;
			remoteGlobalIDString = C0A01A4F23CB92EB00AC2C3A;
			remoteInfo = "Levitan Tests tvOS";
		};
		C0C0ABF62F02695100C6E122 /* PBXContainerItemProxy */ = {
			isa = PBXContainerItemProxy;
			containerPortal = C0CA7D2D2DCA4A88002A744E /* Levitan.xcodeproj */;
			proxyType = 2;
			remoteGlobalIDString = C0D227172DCCC26C0075DB31;
			remoteInfo = "Levitan Documentation";
		};
/* End PBXContainerItemProxy section */

/* Begin PBXCopyFilesBuildPhase section */
		C043A3192DCE3B5C00F6C58A /* Embed Frameworks */ = {
			isa = PBXCopyFilesBuildPhase;
			buildActionMask = 2147483647;
			dstPath = "";
			dstSubfolderSpec = 10;
			files = (
				C03F80F72F026A820097B7A3 /* Levitan.framework in Embed Frameworks */,
			);
			name = "Embed Frameworks";
			runOnlyForDeploymentPostprocessing = 0;
		};
/* End PBXCopyFilesBuildPhase section */

/* Begin PBXFileReference section */
		C009745C2F03CEEE00BC7680 /* AppDelegate.swift */ = {isa = PBXFileReference; lastKnownFileType = sourcecode.swift; path = AppDelegate.swift; sourceTree = "<group>"; };
		C009745D2F03CEEE00BC7680 /* SceneDelegate.swift */ = {isa = PBXFileReference; lastKnownFileType = sourcecode.swift; path = SceneDelegate.swift; sourceTree = "<group>"; };
		C00974682F03D08E00BC7680 /* Base */ = {isa = PBXFileReference; lastKnownFileType = file.storyboard; name = Base; path = Base.lproj/Main.storyboard; sourceTree = "<group>"; };
		C017D13325FBAD0F008B90C0 /* LevitanExample.app */ = {isa = PBXFileReference; explicitFileType = wrapper.application; includeInIndex = 0; path = LevitanExample.app; sourceTree = BUILT_PRODUCTS_DIR; };
		C017D13F25FBAD11008B90C0 /* Assets.xcassets */ = {isa = PBXFileReference; lastKnownFileType = folder.assetcatalog; path = Assets.xcassets; sourceTree = "<group>"; };
		C017D14225FBAD11008B90C0 /* Base */ = {isa = PBXFileReference; lastKnownFileType = file.storyboard; name = Base; path = Base.lproj/Launch.storyboard; sourceTree = "<group>"; };
		C017D14425FBAD11008B90C0 /* Info.plist */ = {isa = PBXFileReference; lastKnownFileType = text.plist.xml; path = Info.plist; sourceTree = "<group>"; };
		C06A6D432F0B0091007F606E /* ActionSheetAction.swift */ = {isa = PBXFileReference; lastKnownFileType = sourcecode.swift; path = ActionSheetAction.swift; sourceTree = "<group>"; };
		C06A6D462F0B0107007F606E /* ActionSheet.swift */ = {isa = PBXFileReference; lastKnownFileType = sourcecode.swift; path = ActionSheet.swift; sourceTree = "<group>"; };
		C06A6D492F0B04F7007F606E /* AlertTextField.swift */ = {isa = PBXFileReference; lastKnownFileType = sourcecode.swift; path = AlertTextField.swift; sourceTree = "<group>"; };
		C06A6D4D2F0B0567007F606E /* AlertAction.swift */ = {isa = PBXFileReference; lastKnownFileType = sourcecode.swift; path = AlertAction.swift; sourceTree = "<group>"; };
		C06A6D4F2F0B05E0007F606E /* Alert.swift */ = {isa = PBXFileReference; lastKnownFileType = sourcecode.swift; path = Alert.swift; sourceTree = "<group>"; };
		C06A6D542F0B1289007F606E /* Chat.swift */ = {isa = PBXFileReference; lastKnownFileType = sourcecode.swift; path = Chat.swift; sourceTree = "<group>"; };
		C06A6D562F0B13AF007F606E /* ChatMessageType.swift */ = {isa = PBXFileReference; lastKnownFileType = sourcecode.swift; path = ChatMessageType.swift; sourceTree = "<group>"; };
		C06A6D582F0B13C2007F606E /* ChatMessage.swift */ = {isa = PBXFileReference; lastKnownFileType = sourcecode.swift; path = ChatMessage.swift; sourceTree = "<group>"; };
		C06A6D5B2F0B16B5007F606E /* UsersStore.swift */ = {isa = PBXFileReference; lastKnownFileType = sourcecode.swift; path = UsersStore.swift; sourceTree = "<group>"; };
		C06A6D622F0BD28D007F606E /* ChatsStore.swift */ = {isa = PBXFileReference; lastKnownFileType = sourcecode.swift; path = ChatsStore.swift; sourceTree = "<group>"; };
		C06EE5312F0CBCBF00AD1F6A /* KeyboardHandler.swift */ = {isa = PBXFileReference; lastKnownFileType = sourcecode.swift; path = KeyboardHandler.swift; sourceTree = "<group>"; };
		C06EE5332F0CBD3000AD1F6A /* NotificationObserver.swift */ = {isa = PBXFileReference; lastKnownFileType = sourcecode.swift; path = NotificationObserver.swift; sourceTree = "<group>"; };
		C06EE5352F0CBD7F00AD1F6A /* ObjectAssociation.swift */ = {isa = PBXFileReference; lastKnownFileType = sourcecode.swift; path = ObjectAssociation.swift; sourceTree = "<group>"; };
		C0C4DC852F0CB05A00DBF01A /* NSLayoutConstraint+Extensions.swift */ = {isa = PBXFileReference; lastKnownFileType = sourcecode.swift; path = "NSLayoutConstraint+Extensions.swift"; sourceTree = "<group>"; };
		C0C8A89B2F066ACA001651F6 /* User.swift */ = {isa = PBXFileReference; lastKnownFileType = sourcecode.swift; path = User.swift; sourceTree = "<group>"; };
		C0C8A89D2F066C12001651F6 /* ThemeTypographies.swift */ = {isa = PBXFileReference; lastKnownFileType = sourcecode.swift; path = ThemeTypographies.swift; sourceTree = "<group>"; };
		C0C8A8A22F066CD1001651F6 /* ThemeColors.swift */ = {isa = PBXFileReference; lastKnownFileType = sourcecode.swift; path = ThemeColors.swift; sourceTree = "<group>"; };
		C0C8A8A42F066F1E001651F6 /* Theme.swift */ = {isa = PBXFileReference; lastKnownFileType = sourcecode.swift; path = Theme.swift; sourceTree = "<group>"; };
		C0C8A8A72F06734A001651F6 /* CellAction.swift */ = {isa = PBXFileReference; lastKnownFileType = sourcecode.swift; path = CellAction.swift; sourceTree = "<group>"; };
		C0C8A8AB2F067548001651F6 /* TappableButtonStyle.swift */ = {isa = PBXFileReference; lastKnownFileType = sourcecode.swift; path = TappableButtonStyle.swift; sourceTree = "<group>"; };
		C0C8A8AD2F067560001651F6 /* Tappable.swift */ = {isa = PBXFileReference; lastKnownFileType = sourcecode.swift; path = Tappable.swift; sourceTree = "<group>"; };
		C0C8A8B72F06A141001651F6 /* PressedEffectModifier.swift */ = {isa = PBXFileReference; lastKnownFileType = sourcecode.swift; path = PressedEffectModifier.swift; sourceTree = "<group>"; };
		C0C8A8B92F06A1A3001651F6 /* ThemeAnimations.swift */ = {isa = PBXFileReference; lastKnownFileType = sourcecode.swift; path = ThemeAnimations.swift; sourceTree = "<group>"; };
		C0C8A8BC2F06A367001651F6 /* Theme+Light.swift */ = {isa = PBXFileReference; lastKnownFileType = sourcecode.swift; path = "Theme+Light.swift"; sourceTree = "<group>"; };
		C0C8A8BE2F06A383001651F6 /* Theme+Dark.swift */ = {isa = PBXFileReference; lastKnownFileType = sourcecode.swift; path = "Theme+Dark.swift"; sourceTree = "<group>"; };
		C0C8A8C22F06A8BA001651F6 /* DateFormatter+Extensions.swift */ = {isa = PBXFileReference; lastKnownFileType = sourcecode.swift; path = "DateFormatter+Extensions.swift"; sourceTree = "<group>"; };
		C0C8A8CC2F06B51B001651F6 /* ThemeStrokes.swift */ = {isa = PBXFileReference; lastKnownFileType = sourcecode.swift; path = ThemeStrokes.swift; sourceTree = "<group>"; };
		C0C8B8072F09406D0029D19F /* Profile.swift */ = {isa = PBXFileReference; lastKnownFileType = sourcecode.swift; path = Profile.swift; sourceTree = "<group>"; };
		C0C8B8152F096BC60029D19F /* ProfileStore.swift */ = {isa = PBXFileReference; lastKnownFileType = sourcecode.swift; path = ProfileStore.swift; sourceTree = "<group>"; };
		C0C8B8172F096F5A0029D19F /* Card.swift */ = {isa = PBXFileReference; lastKnownFileType = sourcecode.swift; path = Card.swift; sourceTree = "<group>"; };
		C0C8B8192F0971BC0029D19F /* CardHeader.swift */ = {isa = PBXFileReference; lastKnownFileType = sourcecode.swift; path = CardHeader.swift; sourceTree = "<group>"; };
		C0C8B81C2F097A7C0029D19F /* Tag.swift */ = {isa = PBXFileReference; lastKnownFileType = sourcecode.swift; path = Tag.swift; sourceTree = "<group>"; };
		C0CA7D2D2DCA4A88002A744E /* Levitan.xcodeproj */ = {isa = PBXFileReference; lastKnownFileType = "wrapper.pb-project"; name = Levitan.xcodeproj; path = ../Levitan.xcodeproj; sourceTree = SOURCE_ROOT; };
		C0E822002F065FEA00051412 /* Avatar.swift */ = {isa = PBXFileReference; lastKnownFileType = sourcecode.swift; path = Avatar.swift; sourceTree = "<group>"; };
		C0E822022F065FFD00051412 /* AvatarSize.swift */ = {isa = PBXFileReference; lastKnownFileType = sourcecode.swift; path = AvatarSize.swift; sourceTree = "<group>"; };
		C0E8221F2F06633400051412 /* Cell.swift */ = {isa = PBXFileReference; lastKnownFileType = sourcecode.swift; path = Cell.swift; sourceTree = "<group>"; };
		C0E822212F06635C00051412 /* CellDivider.swift */ = {isa = PBXFileReference; lastKnownFileType = sourcecode.swift; path = CellDivider.swift; sourceTree = "<group>"; };
/* End PBXFileReference section */

/* Begin PBXFrameworksBuildPhase section */
		C017D13025FBAD0F008B90C0 /* Frameworks */ = {
			isa = PBXFrameworksBuildPhase;
			buildActionMask = 2147483647;
			files = (
				C03F80F62F026A820097B7A3 /* Levitan.framework in Frameworks */,
			);
			runOnlyForDeploymentPostprocessing = 0;
		};
/* End PBXFrameworksBuildPhase section */

/* Begin PBXGroup section */
		2A7DE3228D44B4ECD25E5F17 /* Frameworks */ = {
			isa = PBXGroup;
			children = (
			);
			name = Frameworks;
			sourceTree = "<group>";
		};
		C00975C42F05397C00BC7680 /* Components */ = {
			isa = PBXGroup;
			children = (
				C0E821FF2F065FE700051412 /* Avatar */,
				C0C8B80E2F09479F0029D19F /* Card */,
				C0E8221E2F06632C00051412 /* Cell */,
				C0C8A8C82F06B0DE001651F6 /* Modifiers */,
				C0C8A8AA2F067537001651F6 /* Tappable */,
				C0C8B81C2F097A7C0029D19F /* Tag.swift */,
			);
			path = Components;
			sourceTree = "<group>";
		};
		C017D12A25FBAD0F008B90C0 = {
			isa = PBXGroup;
			children = (
				C017D13525FBAD0F008B90C0 /* Sources */,
				C017D13425FBAD0F008B90C0 /* Products */,
				2A7DE3228D44B4ECD25E5F17 /* Frameworks */,
				C0CA7D2D2DCA4A88002A744E /* Levitan.xcodeproj */,
			);
			sourceTree = "<group>";
		};
		C017D13425FBAD0F008B90C0 /* Products */ = {
			isa = PBXGroup;
			children = (
				C017D13325FBAD0F008B90C0 /* LevitanExample.app */,
			);
			name = Products;
			sourceTree = "<group>";
		};
		C017D13525FBAD0F008B90C0 /* Sources */ = {
			isa = PBXGroup;
			children = (
				C0C8A8A62F067106001651F6 /* App */,
				C00975C42F05397C00BC7680 /* Components */,
				C0C8A89A2F066AC5001651F6 /* Models */,
				C0DA318025FBB1E1009A9CB8 /* Resources */,
				C0C8B8122F096BA20029D19F /* Services */,
				C0C8A89F2F066C7B001651F6 /* Theme */,
				C06A6D412F0B007E007F606E /* Tools */,
				C017D14425FBAD11008B90C0 /* Info.plist */,
			);
			path = Sources;
			sourceTree = "<group>";
		};
		C06A6D412F0B007E007F606E /* Tools */ = {
			isa = PBXGroup;
			children = (
				C06A6D452F0B00FB007F606E /* ActionSheet */,
				C06A6D482F0B02EF007F606E /* Alert */,
				C0C8A8C12F06A8B2001651F6 /* Extensions */,
				C06EE5312F0CBCBF00AD1F6A /* KeyboardHandler.swift */,
				C06EE5332F0CBD3000AD1F6A /* NotificationObserver.swift */,
				C06EE5352F0CBD7F00AD1F6A /* ObjectAssociation.swift */,
			);
			path = Tools;
			sourceTree = "<group>";
		};
		C06A6D452F0B00FB007F606E /* ActionSheet */ = {
			isa = PBXGroup;
			children = (
				C06A6D462F0B0107007F606E /* ActionSheet.swift */,
				C06A6D432F0B0091007F606E /* ActionSheetAction.swift */,
			);
			path = ActionSheet;
			sourceTree = "<group>";
		};
		C06A6D482F0B02EF007F606E /* Alert */ = {
			isa = PBXGroup;
			children = (
				C06A6D4F2F0B05E0007F606E /* Alert.swift */,
				C06A6D4D2F0B0567007F606E /* AlertAction.swift */,
				C06A6D492F0B04F7007F606E /* AlertTextField.swift */,
			);
			path = Alert;
			sourceTree = "<group>";
		};
		C06A6D5A2F0B13F1007F606E /* Chat */ = {
			isa = PBXGroup;
			children = (
				C06A6D542F0B1289007F606E /* Chat.swift */,
				C06A6D582F0B13C2007F606E /* ChatMessage.swift */,
				C06A6D562F0B13AF007F606E /* ChatMessageType.swift */,
			);
			path = Chat;
			sourceTree = "<group>";
		};
		C0C0ABE72F02695100C6E122 /* Products */ = {
			isa = PBXGroup;
			children = (
				C0C0ABEF2F02695100C6E122 /* Levitan.framework */,
				C0C0ABF12F02695100C6E122 /* Levitan.framework */,
				C0C0ABF32F02695100C6E122 /* LevitanTests.xctest */,
				C0C0ABF52F02695100C6E122 /* LevitanTests.xctest */,
				C0C0ABF72F02695100C6E122 /* LevitanDocumentation.framework */,
			);
			name = Products;
			sourceTree = "<group>";
		};
		C0C8A89A2F066AC5001651F6 /* Models */ = {
			isa = PBXGroup;
			children = (
				C06A6D5A2F0B13F1007F606E /* Chat */,
				C0C8B8072F09406D0029D19F /* Profile.swift */,
				C0C8A89B2F066ACA001651F6 /* User.swift */,
			);
			path = Models;
			sourceTree = "<group>";
		};
		C0C8A89F2F066C7B001651F6 /* Theme */ = {
			isa = PBXGroup;
			children = (
				C0C8A8C02F06A3A1001651F6 /* Default */,
				C0C8A8A42F066F1E001651F6 /* Theme.swift */,
				C0C8A8B92F06A1A3001651F6 /* ThemeAnimations.swift */,
				C0C8A8A22F066CD1001651F6 /* ThemeColors.swift */,
				C0C8A8CC2F06B51B001651F6 /* ThemeStrokes.swift */,
				C0C8A89D2F066C12001651F6 /* ThemeTypographies.swift */,
			);
			path = Theme;
			sourceTree = "<group>";
		};
		C0C8A8A62F067106001651F6 /* App */ = {
			isa = PBXGroup;
			children = (
				C009745C2F03CEEE00BC7680 /* AppDelegate.swift */,
				C009745D2F03CEEE00BC7680 /* SceneDelegate.swift */,
			);
			path = App;
			sourceTree = "<group>";
		};
		C0C8A8AA2F067537001651F6 /* Tappable */ = {
			isa = PBXGroup;
			children = (
				C0C8A8AD2F067560001651F6 /* Tappable.swift */,
				C0C8A8AB2F067548001651F6 /* TappableButtonStyle.swift */,
			);
			path = Tappable;
			sourceTree = "<group>";
		};
		C0C8A8C02F06A3A1001651F6 /* Default */ = {
			isa = PBXGroup;
			children = (
				C0C8A8BE2F06A383001651F6 /* Theme+Dark.swift */,
				C0C8A8BC2F06A367001651F6 /* Theme+Light.swift */,
			);
			path = Default;
			sourceTree = "<group>";
		};
		C0C8A8C12F06A8B2001651F6 /* Extensions */ = {
			isa = PBXGroup;
			children = (
				C0C4DC852F0CB05A00DBF01A /* NSLayoutConstraint+Extensions.swift */,
				C0C8A8C22F06A8BA001651F6 /* DateFormatter+Extensions.swift */,
			);
			path = Extensions;
			sourceTree = "<group>";
		};
		C0C8A8C82F06B0DE001651F6 /* Modifiers */ = {
			isa = PBXGroup;
			children = (
				C0C8A8B72F06A141001651F6 /* PressedEffectModifier.swift */,
			);
			path = Modifiers;
			sourceTree = "<group>";
		};
		C0C8B80E2F09479F0029D19F /* Card */ = {
			isa = PBXGroup;
			children = (
				C0C8B8172F096F5A0029D19F /* Card.swift */,
				C0C8B8192F0971BC0029D19F /* CardHeader.swift */,
			);
			path = Card;
			sourceTree = "<group>";
		};
		C0C8B8122F096BA20029D19F /* Services */ = {
			isa = PBXGroup;
			children = (
				C06A6D622F0BD28D007F606E /* ChatsStore.swift */,
				C06A6D5B2F0B16B5007F606E /* UsersStore.swift */,
				C0C8B8152F096BC60029D19F /* ProfileStore.swift */,
			);
			path = Services;
			sourceTree = "<group>";
		};
		C0DA318025FBB1E1009A9CB8 /* Resources */ = {
			isa = PBXGroup;
			children = (
				C017D13F25FBAD11008B90C0 /* Assets.xcassets */,
				C017D14125FBAD11008B90C0 /* Launch.storyboard */,
				C00974672F03D08E00BC7680 /* Main.storyboard */,
			);
			path = Resources;
			sourceTree = "<group>";
		};
		C0E821FF2F065FE700051412 /* Avatar */ = {
			isa = PBXGroup;
			children = (
				C0E822002F065FEA00051412 /* Avatar.swift */,
				C0E822022F065FFD00051412 /* AvatarSize.swift */,
			);
			path = Avatar;
			sourceTree = "<group>";
		};
		C0E8221E2F06632C00051412 /* Cell */ = {
			isa = PBXGroup;
			children = (
				C0E8221F2F06633400051412 /* Cell.swift */,
				C0C8A8A72F06734A001651F6 /* CellAction.swift */,
				C0E822212F06635C00051412 /* CellDivider.swift */,
			);
			path = Cell;
			sourceTree = "<group>";
		};
/* End PBXGroup section */

/* Begin PBXNativeTarget section */
		C017D13225FBAD0F008B90C0 /* Levitan Example */ = {
			isa = PBXNativeTarget;
			buildConfigurationList = C017D14725FBAD11008B90C0 /* Build configuration list for PBXNativeTarget "Levitan Example" */;
			buildPhases = (
				C0B5A45126625B8900D7521C /* SwiftLint */,
				C017D12F25FBAD0F008B90C0 /* Sources */,
				C017D13025FBAD0F008B90C0 /* Frameworks */,
				C017D13125FBAD0F008B90C0 /* Resources */,
				C043A3192DCE3B5C00F6C58A /* Embed Frameworks */,
			);
			buildRules = (
			);
			dependencies = (
			);
			name = "Levitan Example";
			productName = "Levitan Example";
			productReference = C017D13325FBAD0F008B90C0 /* LevitanExample.app */;
			productType = "com.apple.product-type.application";
		};
/* End PBXNativeTarget section */

/* Begin PBXProject section */
		C017D12B25FBAD0F008B90C0 /* Project object */ = {
			isa = PBXProject;
			attributes = {
				BuildIndependentTargetsInParallel = YES;
				LastSwiftUpdateCheck = 1620;
				LastUpgradeCheck = 1640;
				TargetAttributes = {
					C017D13225FBAD0F008B90C0 = {
						CreatedOnToolsVersion = 12.4;
					};
				};
			};
			buildConfigurationList = C017D12E25FBAD0F008B90C0 /* Build configuration list for PBXProject "LevitanExample" */;
			compatibilityVersion = "Xcode 11.0";
			developmentRegion = en;
			hasScannedForEncodings = 0;
			knownRegions = (
				en,
				Base,
			);
			mainGroup = C017D12A25FBAD0F008B90C0;
			productRefGroup = C017D13425FBAD0F008B90C0 /* Products */;
			projectDirPath = "";
			projectReferences = (
				{
					ProductGroup = C0C0ABE72F02695100C6E122 /* Products */;
					ProjectRef = C0CA7D2D2DCA4A88002A744E /* Levitan.xcodeproj */;
				},
			);
			projectRoot = "";
			targets = (
				C017D13225FBAD0F008B90C0 /* Levitan Example */,
			);
		};
/* End PBXProject section */

/* Begin PBXReferenceProxy section */
		C0C0ABEF2F02695100C6E122 /* Levitan.framework */ = {
			isa = PBXReferenceProxy;
			fileType = wrapper.framework;
			path = Levitan.framework;
			remoteRef = C0C0ABEE2F02695100C6E122 /* PBXContainerItemProxy */;
			sourceTree = BUILT_PRODUCTS_DIR;
		};
		C0C0ABF12F02695100C6E122 /* Levitan.framework */ = {
			isa = PBXReferenceProxy;
			fileType = wrapper.framework;
			path = Levitan.framework;
			remoteRef = C0C0ABF02F02695100C6E122 /* PBXContainerItemProxy */;
			sourceTree = BUILT_PRODUCTS_DIR;
		};
		C0C0ABF32F02695100C6E122 /* LevitanTests.xctest */ = {
			isa = PBXReferenceProxy;
			fileType = wrapper.cfbundle;
			path = LevitanTests.xctest;
			remoteRef = C0C0ABF22F02695100C6E122 /* PBXContainerItemProxy */;
			sourceTree = BUILT_PRODUCTS_DIR;
		};
		C0C0ABF52F02695100C6E122 /* LevitanTests.xctest */ = {
			isa = PBXReferenceProxy;
			fileType = wrapper.cfbundle;
			path = LevitanTests.xctest;
			remoteRef = C0C0ABF42F02695100C6E122 /* PBXContainerItemProxy */;
			sourceTree = BUILT_PRODUCTS_DIR;
		};
		C0C0ABF72F02695100C6E122 /* LevitanDocumentation.framework */ = {
			isa = PBXReferenceProxy;
			fileType = wrapper.framework;
			path = LevitanDocumentation.framework;
			remoteRef = C0C0ABF62F02695100C6E122 /* PBXContainerItemProxy */;
			sourceTree = BUILT_PRODUCTS_DIR;
		};
/* End PBXReferenceProxy section */

/* Begin PBXResourcesBuildPhase section */
		C017D13125FBAD0F008B90C0 /* Resources */ = {
			isa = PBXResourcesBuildPhase;
			buildActionMask = 2147483647;
			files = (
				C00974692F03D08E00BC7680 /* Main.storyboard in Resources */,
				C017D14325FBAD11008B90C0 /* Launch.storyboard in Resources */,
				C017D14025FBAD11008B90C0 /* Assets.xcassets in Resources */,
			);
			runOnlyForDeploymentPostprocessing = 0;
		};
/* End PBXResourcesBuildPhase section */

/* Begin PBXShellScriptBuildPhase section */
		C0B5A45126625B8900D7521C /* SwiftLint */ = {
			isa = PBXShellScriptBuildPhase;
			alwaysOutOfDate = 1;
			buildActionMask = 2147483647;
			files = (
			);
			inputFileListPaths = (
			);
			inputPaths = (
			);
			name = SwiftLint;
			outputFileListPaths = (
			);
			outputPaths = (
			);
			runOnlyForDeploymentPostprocessing = 0;
			shellPath = /bin/sh;
			shellScript = "
";
		};
/* End PBXShellScriptBuildPhase section */

/* Begin PBXSourcesBuildPhase section */
		C017D12F25FBAD0F008B90C0 /* Sources */ = {
			isa = PBXSourcesBuildPhase;
			buildActionMask = 2147483647;
			files = (
				C0E822032F065FFF00051412 /* AvatarSize.swift in Sources */,
				C06A6D442F0B0092007F606E /* ActionSheetAction.swift in Sources */,
				C06A6D472F0B0108007F606E /* ActionSheet.swift in Sources */,
				C06A6D4A2F0B0505007F606E /* AlertTextField.swift in Sources */,
				C06EE5322F0CBCC500AD1F6A /* KeyboardHandler.swift in Sources */,
				C0E822012F065FEB00051412 /* Avatar.swift in Sources */,
				C0C8A8AE2F067562001651F6 /* Tappable.swift in Sources */,
				C0C8B8162F096BC80029D19F /* ProfileStore.swift in Sources */,
				C0C8B81D2F097A7D0029D19F /* Tag.swift in Sources */,
				C06A6D572F0B13AF007F606E /* ChatMessageType.swift in Sources */,
				C0C8A89E2F066C17001651F6 /* ThemeTypographies.swift in Sources */,
				C06A6D552F0B128D007F606E /* Chat.swift in Sources */,
				C0C8B8182F096F5C0029D19F /* Card.swift in Sources */,
				C009745F2F03CEEE00BC7680 /* SceneDelegate.swift in Sources */,
				C06EE5342F0CBD3100AD1F6A /* NotificationObserver.swift in Sources */,
				C0C8A8BF2F06A386001651F6 /* Theme+Dark.swift in Sources */,
				C0C8A8A52F066F21001651F6 /* Theme.swift in Sources */,
				C06A6D632F0BD290007F606E /* ChatsStore.swift in Sources */,
				C06A6D502F0B05E0007F606E /* Alert.swift in Sources */,
				C06A6D592F0B13C7007F606E /* ChatMessage.swift in Sources */,
				C06A6D4E2F0B0568007F606E /* AlertAction.swift in Sources */,
				C0C8B81A2F0971BE0029D19F /* CardHeader.swift in Sources */,
				C0C8A8AC2F06754C001651F6 /* TappableButtonStyle.swift in Sources */,
				C0C8A8A82F067350001651F6 /* CellAction.swift in Sources */,
				C0C8A8A32F066CD9001651F6 /* ThemeColors.swift in Sources */,
				C0C8B80D2F09406F0029D19F /* Profile.swift in Sources */,
				C0E822202F06633500051412 /* Cell.swift in Sources */,
				C0C4DC8B2F0CB05B00DBF01A /* NSLayoutConstraint+Extensions.swift in Sources */,
				C06A6D5C2F0B16BA007F606E /* UsersStore.swift in Sources */,
				C0C8A8CD2F06B51E001651F6 /* ThemeStrokes.swift in Sources */,
				C00974602F03CEEE00BC7680 /* AppDelegate.swift in Sources */,
				C0C8A8B82F06A14B001651F6 /* PressedEffectModifier.swift in Sources */,
				C0E822222F06635F00051412 /* CellDivider.swift in Sources */,
				C0C8A89C2F066ACB001651F6 /* User.swift in Sources */,
				C0C8A8BD2F06A36A001651F6 /* Theme+Light.swift in Sources */,
				C0C8A8C32F06A8BE001651F6 /* DateFormatter+Extensions.swift in Sources */,
				C06EE5362F0CBD8700AD1F6A /* ObjectAssociation.swift in Sources */,
				C0C8A8BA2F06A1A7001651F6 /* ThemeAnimations.swift in Sources */,
			);
			runOnlyForDeploymentPostprocessing = 0;
		};
/* End PBXSourcesBuildPhase section */

/* Begin PBXVariantGroup section */
		C00974672F03D08E00BC7680 /* Main.storyboard */ = {
			isa = PBXVariantGroup;
			children = (
				C00974682F03D08E00BC7680 /* Base */,
			);
			name = Main.storyboard;
			sourceTree = "<group>";
		};
		C017D14125FBAD11008B90C0 /* Launch.storyboard */ = {
			isa = PBXVariantGroup;
			children = (
				C017D14225FBAD11008B90C0 /* Base */,
			);
			name = Launch.storyboard;
			sourceTree = "<group>";
		};
/* End PBXVariantGroup section */

/* Begin XCBuildConfiguration section */
		C017D14525FBAD11008B90C0 /* Debug */ = {
			isa = XCBuildConfiguration;
			buildSettings = {
				ALWAYS_SEARCH_USER_PATHS = NO;
				ASSETCATALOG_COMPILER_GLOBAL_ACCENT_COLOR_NAME = AccentColor;
				CLANG_ANALYZER_NONNULL = YES;
				CLANG_ANALYZER_NUMBER_OBJECT_CONVERSION = YES_AGGRESSIVE;
				CLANG_CXX_LANGUAGE_STANDARD = "gnu++14";
				CLANG_CXX_LIBRARY = "libc++";
				CLANG_ENABLE_MODULES = YES;
				CLANG_ENABLE_OBJC_ARC = YES;
				CLANG_ENABLE_OBJC_WEAK = YES;
				CLANG_WARN_BLOCK_CAPTURE_AUTORELEASING = YES;
				CLANG_WARN_BOOL_CONVERSION = YES;
				CLANG_WARN_COMMA = YES;
				CLANG_WARN_CONSTANT_CONVERSION = YES;
				CLANG_WARN_DEPRECATED_OBJC_IMPLEMENTATIONS = YES;
				CLANG_WARN_DIRECT_OBJC_ISA_USAGE = YES_ERROR;
				CLANG_WARN_DOCUMENTATION_COMMENTS = YES;
				CLANG_WARN_EMPTY_BODY = YES;
				CLANG_WARN_ENUM_CONVERSION = YES;
				CLANG_WARN_INFINITE_RECURSION = YES;
				CLANG_WARN_INT_CONVERSION = YES;
				CLANG_WARN_NON_LITERAL_NULL_CONVERSION = YES;
				CLANG_WARN_OBJC_IMPLICIT_RETAIN_SELF = YES;
				CLANG_WARN_OBJC_LITERAL_CONVERSION = YES;
				CLANG_WARN_OBJC_ROOT_CLASS = YES_ERROR;
				CLANG_WARN_QUOTED_INCLUDE_IN_FRAMEWORK_HEADER = YES;
				CLANG_WARN_RANGE_LOOP_ANALYSIS = YES;
				CLANG_WARN_STRICT_PROTOTYPES = YES;
				CLANG_WARN_SUSPICIOUS_MOVE = YES;
				CLANG_WARN_UNGUARDED_AVAILABILITY = YES_AGGRESSIVE;
				CLANG_WARN_UNREACHABLE_CODE = YES;
				CLANG_WARN__DUPLICATE_METHOD_MATCH = YES;
				COPY_PHASE_STRIP = NO;
				DEBUG_INFORMATION_FORMAT = dwarf;
				ENABLE_STRICT_OBJC_MSGSEND = YES;
				ENABLE_TESTABILITY = YES;
				ENABLE_USER_SCRIPT_SANDBOXING = YES;
				GCC_C_LANGUAGE_STANDARD = gnu11;
				GCC_DYNAMIC_NO_PIC = NO;
				GCC_NO_COMMON_BLOCKS = YES;
				GCC_OPTIMIZATION_LEVEL = 0;
				GCC_PREPROCESSOR_DEFINITIONS = (
					"DEBUG=1",
					"$(inherited)",
				);
				GCC_WARN_64_TO_32_BIT_CONVERSION = YES;
				GCC_WARN_ABOUT_RETURN_TYPE = YES_ERROR;
				GCC_WARN_UNDECLARED_SELECTOR = YES;
				GCC_WARN_UNINITIALIZED_AUTOS = YES_AGGRESSIVE;
				GCC_WARN_UNUSED_FUNCTION = YES;
				GCC_WARN_UNUSED_VARIABLE = YES;
				IPHONEOS_DEPLOYMENT_TARGET = 17.6;
				MACOSX_DEPLOYMENT_TARGET = 14.0;
				MTL_ENABLE_DEBUG_INFO = INCLUDE_SOURCE;
				MTL_FAST_MATH = YES;
				ONLY_ACTIVE_ARCH = YES;
				SDKROOT = iphoneos;
				SWIFT_ACTIVE_COMPILATION_CONDITIONS = DEBUG;
				SWIFT_OPTIMIZATION_LEVEL = "-Onone";
				SWIFT_VERSION = 6.0;
				TVOS_DEPLOYMENT_TARGET = 17.6;
			};
			name = Debug;
		};
		C017D14625FBAD11008B90C0 /* Release */ = {
			isa = XCBuildConfiguration;
			buildSettings = {
				ALWAYS_SEARCH_USER_PATHS = NO;
				ASSETCATALOG_COMPILER_GLOBAL_ACCENT_COLOR_NAME = AccentColor;
				CLANG_ANALYZER_NONNULL = YES;
				CLANG_ANALYZER_NUMBER_OBJECT_CONVERSION = YES_AGGRESSIVE;
				CLANG_CXX_LANGUAGE_STANDARD = "gnu++14";
				CLANG_CXX_LIBRARY = "libc++";
				CLANG_ENABLE_MODULES = YES;
				CLANG_ENABLE_OBJC_ARC = YES;
				CLANG_ENABLE_OBJC_WEAK = YES;
				CLANG_WARN_BLOCK_CAPTURE_AUTORELEASING = YES;
				CLANG_WARN_BOOL_CONVERSION = YES;
				CLANG_WARN_COMMA = YES;
				CLANG_WARN_CONSTANT_CONVERSION = YES;
				CLANG_WARN_DEPRECATED_OBJC_IMPLEMENTATIONS = YES;
				CLANG_WARN_DIRECT_OBJC_ISA_USAGE = YES_ERROR;
				CLANG_WARN_DOCUMENTATION_COMMENTS = YES;
				CLANG_WARN_EMPTY_BODY = YES;
				CLANG_WARN_ENUM_CONVERSION = YES;
				CLANG_WARN_INFINITE_RECURSION = YES;
				CLANG_WARN_INT_CONVERSION = YES;
				CLANG_WARN_NON_LITERAL_NULL_CONVERSION = YES;
				CLANG_WARN_OBJC_IMPLICIT_RETAIN_SELF = YES;
				CLANG_WARN_OBJC_LITERAL_CONVERSION = YES;
				CLANG_WARN_OBJC_ROOT_CLASS = YES_ERROR;
				CLANG_WARN_QUOTED_INCLUDE_IN_FRAMEWORK_HEADER = YES;
				CLANG_WARN_RANGE_LOOP_ANALYSIS = YES;
				CLANG_WARN_STRICT_PROTOTYPES = YES;
				CLANG_WARN_SUSPICIOUS_MOVE = YES;
				CLANG_WARN_UNGUARDED_AVAILABILITY = YES_AGGRESSIVE;
				CLANG_WARN_UNREACHABLE_CODE = YES;
				CLANG_WARN__DUPLICATE_METHOD_MATCH = YES;
				COPY_PHASE_STRIP = NO;
				DEBUG_INFORMATION_FORMAT = "dwarf-with-dsym";
				ENABLE_NS_ASSERTIONS = NO;
				ENABLE_STRICT_OBJC_MSGSEND = YES;
				ENABLE_USER_SCRIPT_SANDBOXING = YES;
				GCC_C_LANGUAGE_STANDARD = gnu11;
				GCC_NO_COMMON_BLOCKS = YES;
				GCC_WARN_64_TO_32_BIT_CONVERSION = YES;
				GCC_WARN_ABOUT_RETURN_TYPE = YES_ERROR;
				GCC_WARN_UNDECLARED_SELECTOR = YES;
				GCC_WARN_UNINITIALIZED_AUTOS = YES_AGGRESSIVE;
				GCC_WARN_UNUSED_FUNCTION = YES;
				GCC_WARN_UNUSED_VARIABLE = YES;
				IPHONEOS_DEPLOYMENT_TARGET = 17.6;
				MACOSX_DEPLOYMENT_TARGET = 14.0;
				MTL_ENABLE_DEBUG_INFO = NO;
				MTL_FAST_MATH = YES;
				SDKROOT = iphoneos;
				SWIFT_COMPILATION_MODE = wholemodule;
				SWIFT_OPTIMIZATION_LEVEL = "-O";
				SWIFT_VERSION = 6.0;
				TVOS_DEPLOYMENT_TARGET = 17.6;
				VALIDATE_PRODUCT = YES;
			};
			name = Release;
		};
		C017D14825FBAD11008B90C0 /* Debug */ = {
			isa = XCBuildConfiguration;
			buildSettings = {
				ASSETCATALOG_COMPILER_APPICON_NAME = AppIcon;
				CODE_SIGN_STYLE = Automatic;
				INFOPLIST_FILE = Sources/Info.plist;
				IPHONEOS_DEPLOYMENT_TARGET = 15.0;
				LD_RUNPATH_SEARCH_PATHS = (
					"$(inherited)",
					"@executable_path/Frameworks",
				);
				PRODUCT_BUNDLE_IDENTIFIER = ru.hh.Levitan.Example;
				PRODUCT_NAME = LevitanExample;
				TARGETED_DEVICE_FAMILY = "1,2";
			};
			name = Debug;
		};
		C017D14925FBAD11008B90C0 /* Release */ = {
			isa = XCBuildConfiguration;
			buildSettings = {
				ASSETCATALOG_COMPILER_APPICON_NAME = AppIcon;
				CODE_SIGN_STYLE = Automatic;
				DEVELOPMENT_TEAM = 42YU8Z2589;
				INFOPLIST_FILE = Sources/Info.plist;
				IPHONEOS_DEPLOYMENT_TARGET = 15.0;
				LD_RUNPATH_SEARCH_PATHS = (
					"$(inherited)",
					"@executable_path/Frameworks",
				);
				PRODUCT_BUNDLE_IDENTIFIER = ru.hh.Levitan.Example;
				PRODUCT_NAME = LevitanExample;
				TARGETED_DEVICE_FAMILY = "1,2";
			};
			name = Release;
		};
/* End XCBuildConfiguration section */

/* Begin XCConfigurationList section */
		C017D12E25FBAD0F008B90C0 /* Build configuration list for PBXProject "LevitanExample" */ = {
			isa = XCConfigurationList;
			buildConfigurations = (
				C017D14525FBAD11008B90C0 /* Debug */,
				C017D14625FBAD11008B90C0 /* Release */,
			);
			defaultConfigurationIsVisible = 0;
			defaultConfigurationName = Release;
		};
		C017D14725FBAD11008B90C0 /* Build configuration list for PBXNativeTarget "Levitan Example" */ = {
			isa = XCConfigurationList;
			buildConfigurations = (
				C017D14825FBAD11008B90C0 /* Debug */,
				C017D14925FBAD11008B90C0 /* Release */,
			);
			defaultConfigurationIsVisible = 0;
			defaultConfigurationName = Release;
		};
/* End XCConfigurationList section */
	};
	rootObject = C017D12B25FBAD0F008B90C0 /* Project object */;
}
