PODS:
  - Levitan (1.0.0-alpha.1)
  - SnapKit (5.6.0)

DEPENDENCIES:
  - Levitan (from `..`)
  - SnapKit

SPEC REPOS:
  trunk:
    - SnapKit

EXTERNAL SOURCES:
  Levitan:
    :path: ".."

SPEC CHECKSUMS:
  Levitan: 1b4a167f5ac91efcf6ad282ad30d9bb55dff0377
  SnapKit: e01d52ebb8ddbc333eefe2132acf85c8227d9c25

PODFILE CHECKSUM: b30f6f39508f1f6d238c16600c243a7cb55d3b9c

COCOAPODS: 1.16.2
